// !$*UTF8*$!
{
	archiveVersion = 1;
	classes = {
	};
	objectVersion = 77;
	objects = {

/* Begin PBXBuildFile section */
		E819CAAA2D76C22F00991A31 /* Alamofire in Frameworks */ = {isa = PBXBuildFile; productRef = E819CAA92D76C22F00991A31 /* Alamofire */; };
/* End PBXBuildFile section */

/* Begin PBXContainerItemProxy section */
		E819CA8B2D76C0FC00991A31 /* PBXContainerItemProxy */ = {
			isa = PBXContainerItemProxy;
			containerPortal = E819CA722D76C0FB00991A31 /* Project object */;
			proxyType = 1;
			remoteGlobalIDString = E819CA792D76C0FB00991A31;
			remoteInfo = ttest;
		};
		E819CA952D76C0FC00991A31 /* PBXContainerItemProxy */ = {
			isa = PBXContainerItemProxy;
			containerPortal = E819CA722D76C0FB00991A31 /* Project object */;
			proxyType = 1;
			remoteGlobalIDString = E819CA792D76C0FB00991A31;
			remoteInfo = ttest;
		};
/* End PBXContainerItemProxy section */

/* Begin PBXFileReference section */
		E819CA7A2D76C0FB00991A31 /* ttest.app */ = {isa = PBXFileReference; explicitFileType = wrapper.application; includeInIndex = 0; path = ttest.app; sourceTree = BUILT_PRODUCTS_DIR; };
		E819CA8A2D76C0FC00991A31 /* ttestTests.xctest */ = {isa = PBXFileReference; explicitFileType = wrapper.cfbundle; includeInIndex = 0; path = ttestTests.xctest; sourceTree = BUILT_PRODUCTS_DIR; };
		E819CA942D76C0FC00991A31 /* ttestUITests.xctest */ = {isa = PBXFileReference; explicitFileType = wrapper.cfbundle; includeInIndex = 0; path = ttestUITests.xctest; sourceTree = BUILT_PRODUCTS_DIR; };
/* End PBXFileReference section */

/* Begin PBXFileSystemSynchronizedRootGroup section */
		E819CA7C2D76C0FB00991A31 /* ttest */ = {
			isa = PBXFileSystemSynchronizedRootGroup;
			path = ttest;
			sourceTree = "<group>";
		};
		E819CA8D2D76C0FC00991A31 /* ttestTests */ = {
			isa = PBXFileSystemSynchronizedRootGroup;
			path = ttestTests;
			sourceTree = "<group>";
		};
		E819CA972D76C0FC00991A31 /* ttestUITests */ = {
			isa = PBXFileSystemSynchronizedRootGroup;
			path = ttestUITests;
			sourceTree = "<group>";
		};
/* End PBXFileSystemSynchronizedRootGroup section */

/* Begin PBXFrameworksBuildPhase section */
		E819CA772D76C0FB00991A31 /* Frameworks */ = {
			isa = PBXFrameworksBuildPhase;
			buildActionMask = 2147483647;
			files = (
				E819CAAA2D76C22F00991A31 /* Alamofire in Frameworks */,
			);
			runOnlyForDeploymentPostprocessing = 0;
		};
		E819CA872D76C0FC00991A31 /* Frameworks */ = {
			isa = PBXFrameworksBuildPhase;
			buildActionMask = 2147483647;
			files = (
			);
			runOnlyForDeploymentPostprocessing = 0;
		};
		E819CA912D76C0FC00991A31 /* Frameworks */ = {
			isa = PBXFrameworksBuildPhase;
			buildActionMask = 2147483647;
			files = (
			);
			runOnlyForDeploymentPostprocessing = 0;
		};
/* End PBXFrameworksBuildPhase section */

/* Begin PBXGroup section */
		E819CA712D76C0FB00991A31 = {
			isa = PBXGroup;
			children = (
				E819CA7C2D76C0FB00991A31 /* ttest */,
				E819CA8D2D76C0FC00991A31 /* ttestTests */,
				E819CA972D76C0FC00991A31 /* ttestUITests */,
				E819CAA82D76C22F00991A31 /* Frameworks */,
				E819CA7B2D76C0FB00991A31 /* Products */,
			);
			sourceTree = "<group>";
		};
		E819CA7B2D76C0FB00991A31 /* Products */ = {
			isa = PBXGroup;
			children = (
				E819CA7A2D76C0FB00991A31 /* ttest.app */,
				E819CA8A2D76C0FC00991A31 /* ttestTests.xctest */,
				E819CA942D76C0FC00991A31 /* ttestUITests.xctest */,
			);
			name = Products;
			sourceTree = "<group>";
		};
		E819CAA82D76C22F00991A31 /* Frameworks */ = {
			isa = PBXGroup;
			children = (
			);
			name = Frameworks;
			sourceTree = "<group>";
		};
/* End PBXGroup section */

/* Begin PBXNativeTarget section */
		E819CA792D76C0FB00991A31 /* ttest */ = {
			isa = PBXNativeTarget;
			buildConfigurationList = E819CA9E2D76C0FC00991A31 /* Build configuration list for PBXNativeTarget "ttest" */;
			buildPhases = (
				E819CA762D76C0FB00991A31 /* Sources */,
				E819CA772D76C0FB00991A31 /* Frameworks */,
				E819CA782D76C0FB00991A31 /* Resources */,
			);
			buildRules = (
			);
			dependencies = (
			);
			fileSystemSynchronizedGroups = (
				E819CA7C2D76C0FB00991A31 /* ttest */,
			);
			name = ttest;
			packageProductDependencies = (
				E819CAA92D76C22F00991A31 /* Alamofire */,
			);
			productName = ttest;
			productReference = E819CA7A2D76C0FB00991A31 /* ttest.app */;
			productType = "com.apple.product-type.application";
		};
		E819CA892D76C0FC00991A31 /* ttestTests */ = {
			isa = PBXNativeTarget;
			buildConfigurationList = E819CAA12D76C0FC00991A31 /* Build configuration list for PBXNativeTarget "ttestTests" */;
			buildPhases = (
				E819CA862D76C0FC00991A31 /* Sources */,
				E819CA872D76C0FC00991A31 /* Frameworks */,
				E819CA882D76C0FC00991A31 /* Resources */,
			);
			buildRules = (
			);
			dependencies = (
				E819CA8C2D76C0FC00991A31 /* PBXTargetDependency */,
			);
			fileSystemSynchronizedGroups = (
				E819CA8D2D76C0FC00991A31 /* ttestTests */,
			);
			name = ttestTests;
			packageProductDependencies = (
			);
			productName = ttestTests;
			productReference = E819CA8A2D76C0FC00991A31 /* ttestTests.xctest */;
			productType = "com.apple.product-type.bundle.unit-test";
		};
		E819CA932D76C0FC00991A31 /* ttestUITests */ = {
			isa = PBXNativeTarget;
			buildConfigurationList = E819CAA42D76C0FC00991A31 /* Build configuration list for PBXNativeTarget "ttestUITests" */;
			buildPhases = (
				E819CA902D76C0FC00991A31 /* Sources */,
				E819CA912D76C0FC00991A31 /* Frameworks */,
				E819CA922D76C0FC00991A31 /* Resources */,
			);
			buildRules = (
			);
			dependencies = (
				E819CA962D76C0FC00991A31 /* PBXTargetDependency */,
			);
			fileSystemSynchronizedGroups = (
				E819CA972D76C0FC00991A31 /* ttestUITests */,
			);
			name = ttestUITests;
			packageProductDependencies = (
			);
			productName = ttestUITests;
			productReference = E819CA942D76C0FC00991A31 /* ttestUITests.xctest */;
			productType = "com.apple.product-type.bundle.ui-testing";
		};
/* End PBXNativeTarget section */

/* Begin PBXProject section */
		E819CA722D76C0FB00991A31 /* Project object */ = {
			isa = PBXProject;
			attributes = {
				BuildIndependentTargetsInParallel = 1;
				LastSwiftUpdateCheck = 1610;
				LastUpgradeCheck = 1610;
				TargetAttributes = {
					E819CA792D76C0FB00991A31 = {
						CreatedOnToolsVersion = 16.1;
					};
					E819CA892D76C0FC00991A31 = {
						CreatedOnToolsVersion = 16.1;
						TestTargetID = E819CA792D76C0FB00991A31;
					};
					E819CA932D76C0FC00991A31 = {
						CreatedOnToolsVersion = 16.1;
						TestTargetID = E819CA792D76C0FB00991A31;
					};
				};
			};
			buildConfigurationList = E819CA752D76C0FB00991A31 /* Build configuration list for PBXProject "ttest" */;
			developmentRegion = en;
			hasScannedForEncodings = 0;
			knownRegions = (
				en,
				Base,
			);
			mainGroup = E819CA712D76C0FB00991A31;
			minimizedProjectReferenceProxies = 1;
			packageReferences = (
				E819CAA72D76C21C00991A31 /* XCRemoteSwiftPackageReference "Alamofire" */,
			);
			preferredProjectObjectVersion = 77;
			productRefGroup = E819CA7B2D76C0FB00991A31 /* Products */;
			projectDirPath = "";
			projectRoot = "";
			targets = (
				E819CA792D76C0FB00991A31 /* ttest */,
				E819CA892D76C0FC00991A31 /* ttestTests */,
				E819CA932D76C0FC00991A31 /* ttestUITests */,
			);
		};
/* End PBXProject section */

/* Begin PBXResourcesBuildPhase section */
		E819CA782D76C0FB00991A31 /* Resources */ = {
			isa = PBXResourcesBuildPhase;
			buildActionMask = 2147483647;
			files = (
			);
			runOnlyForDeploymentPostprocessing = 0;
		};
		E819CA882D76C0FC00991A31 /* Resources */ = {
			isa = PBXResourcesBuildPhase;
			buildActionMask = 2147483647;
			files = (
			);
			runOnlyForDeploymentPostprocessing = 0;
		};
		E819CA922D76C0FC00991A31 /* Resources */ = {
			isa = PBXResourcesBuildPhase;
			buildActionMask = 2147483647;
			files = (
			);
			runOnlyForDeploymentPostprocessing = 0;
		};
/* End PBXResourcesBuildPhase section */

/* Begin PBXSourcesBuildPhase section */
		E819CA762D76C0FB00991A31 /* Sources */ = {
			isa = PBXSourcesBuildPhase;
			buildActionMask = 2147483647;
			files = (
			);
			runOnlyForDeploymentPostprocessing = 0;
		};
		E819CA862D76C0FC00991A31 /* Sources */ = {
			isa = PBXSourcesBuildPhase;
			buildActionMask = 2147483647;
			files = (
			);
			runOnlyForDeploymentPostprocessing = 0;
		};
		E819CA902D76C0FC00991A31 /* Sources */ = {
			isa = PBXSourcesBuildPhase;
			buildActionMask = 2147483647;
			files = (
			);
			runOnlyForDeploymentPostprocessing = 0;
		};
/* End PBXSourcesBuildPhase section */

/* Begin PBXTargetDependency section */
		E819CA8C2D76C0FC00991A31 /* PBXTargetDependency */ = {
			isa = PBXTargetDependency;
			target = E819CA792D76C0FB00991A31 /* ttest */;
			targetProxy = E819CA8B2D76C0FC00991A31 /* PBXContainerItemProxy */;
		};
		E819CA962D76C0FC00991A31 /* PBXTargetDependency */ = {
			isa = PBXTargetDependency;
			target = E819CA792D76C0FB00991A31 /* ttest */;
			targetProxy = E819CA952D76C0FC00991A31 /* PBXContainerItemProxy */;
		};
/* End PBXTargetDependency section */

/* Begin XCBuildConfiguration section */
		E819CA9C2D76C0FC00991A31 /* Debug */ = {
			isa = XCBuildConfiguration;
			buildSettings = {
				ALWAYS_SEARCH_USER_PATHS = NO;
				ASSETCATALOG_COMPILER_GENERATE_SWIFT_ASSET_SYMBOL_EXTENSIONS = YES;
				CLANG_ANALYZER_NONNULL = YES;
				CLANG_ANALYZER_NUMBER_OBJECT_CONVERSION = YES_AGGRESSIVE;
				CLANG_CXX_LANGUAGE_STANDARD = "gnu++20";
				CLANG_ENABLE_MODULES = YES;
				CLANG_ENABLE_OBJC_ARC = YES;
				CLANG_ENABLE_OBJC_WEAK = YES;
				CLANG_WARN_BLOCK_CAPTURE_AUTORELEASING = YES;
				CLANG_WARN_BOOL_CONVERSION = YES;
				CLANG_WARN_COMMA = YES;
				CLANG_WARN_CONSTANT_CONVERSION = YES;
				CLANG_WARN_DEPRECATED_OBJC_IMPLEMENTATIONS = YES;
				CLANG_WARN_DIRECT_OBJC_ISA_USAGE = YES_ERROR;
				CLANG_WARN_DOCUMENTATION_COMMENTS = YES;
				CLANG_WARN_EMPTY_BODY = YES;
				CLANG_WARN_ENUM_CONVERSION = YES;
				CLANG_WARN_INFINITE_RECURSION = YES;
				CLANG_WARN_INT_CONVERSION = YES;
				CLANG_WARN_NON_LITERAL_NULL_CONVERSION = YES;
				CLANG_WARN_OBJC_IMPLICIT_RETAIN_SELF = YES;
				CLANG_WARN_OBJC_LITERAL_CONVERSION = YES;
				CLANG_WARN_OBJC_ROOT_CLASS = YES_ERROR;
				CLANG_WARN_QUOTED_INCLUDE_IN_FRAMEWORK_HEADER = YES;
				CLANG_WARN_RANGE_LOOP_ANALYSIS = YES;
				CLANG_WARN_STRICT_PROTOTYPES = YES;
				CLANG_WARN_SUSPICIOUS_MOVE = YES;
				CLANG_WARN_UNGUARDED_AVAILABILITY = YES_AGGRESSIVE;
				CLANG_WARN_UNREACHABLE_CODE = YES;
				CLANG_WARN__DUPLICATE_METHOD_MATCH = YES;
				COPY_PHASE_STRIP = NO;
				DEBUG_INFORMATION_FORMAT = dwarf;
				ENABLE_STRICT_OBJC_MSGSEND = YES;
				ENABLE_TESTABILITY = YES;
				ENABLE_USER_SCRIPT_SANDBOXING = YES;
				GCC_C_LANGUAGE_STANDARD = gnu17;
				GCC_DYNAMIC_NO_PIC = NO;
				GCC_NO_COMMON_BLOCKS = YES;
				GCC_OPTIMIZATION_LEVEL = 0;
				GCC_PREPROCESSOR_DEFINITIONS = (
					"DEBUG=1",
					"$(inherited)",
				);
				GCC_WARN_64_TO_32_BIT_CONVERSION = YES;
				GCC_WARN_ABOUT_RETURN_TYPE = YES_ERROR;
				GCC_WARN_UNDECLARED_SELECTOR = YES;
				GCC_WARN_UNINITIALIZED_AUTOS = YES_AGGRESSIVE;
				GCC_WARN_UNUSED_FUNCTION = YES;
				GCC_WARN_UNUSED_VARIABLE = YES;
				IPHONEOS_DEPLOYMENT_TARGET = 18.1;
				LOCALIZATION_PREFERS_STRING_CATALOGS = YES;
				MTL_ENABLE_DEBUG_INFO = INCLUDE_SOURCE;
				MTL_FAST_MATH = YES;
				ONLY_ACTIVE_ARCH = YES;
				SDKROOT = iphoneos;
				SWIFT_ACTIVE_COMPILATION_CONDITIONS = "DEBUG $(inherited)";
				SWIFT_OPTIMIZATION_LEVEL = "-Onone";
			};
			name = Debug;
		};
		E819CA9D2D76C0FC00991A31 /* Release */ = {
			isa = XCBuildConfiguration;
			buildSettings = {
				ALWAYS_SEARCH_USER_PATHS = NO;
				ASSETCATALOG_COMPILER_GENERATE_SWIFT_ASSET_SYMBOL_EXTENSIONS = YES;
				CLANG_ANALYZER_NONNULL = YES;
				CLANG_ANALYZER_NUMBER_OBJECT_CONVERSION = YES_AGGRESSIVE;
				CLANG_CXX_LANGUAGE_STANDARD = "gnu++20";
				CLANG_ENABLE_MODULES = YES;
				CLANG_ENABLE_OBJC_ARC = YES;
				CLANG_ENABLE_OBJC_WEAK = YES;
				CLANG_WARN_BLOCK_CAPTURE_AUTORELEASING = YES;
				CLANG_WARN_BOOL_CONVERSION = YES;
				CLANG_WARN_COMMA = YES;
				CLANG_WARN_CONSTANT_CONVERSION = YES;
				CLANG_WARN_DEPRECATED_OBJC_IMPLEMENTATIONS = YES;
				CLANG_WARN_DIRECT_OBJC_ISA_USAGE = YES_ERROR;
				CLANG_WARN_DOCUMENTATION_COMMENTS = YES;
				CLANG_WARN_EMPTY_BODY = YES;
				CLANG_WARN_ENUM_CONVERSION = YES;
				CLANG_WARN_INFINITE_RECURSION = YES;
				CLANG_WARN_INT_CONVERSION = YES;
				CLANG_WARN_NON_LITERAL_NULL_CONVERSION = YES;
				CLANG_WARN_OBJC_IMPLICIT_RETAIN_SELF = YES;
				CLANG_WARN_OBJC_LITERAL_CONVERSION = YES;
				CLANG_WARN_OBJC_ROOT_CLASS = YES_ERROR;
				CLANG_WARN_QUOTED_INCLUDE_IN_FRAMEWORK_HEADER = YES;
				CLANG_WARN_RANGE_LOOP_ANALYSIS = YES;
				CLANG_WARN_STRICT_PROTOTYPES = YES;
				CLANG_WARN_SUSPICIOUS_MOVE = YES;
				CLANG_WARN_UNGUARDED_AVAILABILITY = YES_AGGRESSIVE;
				CLANG_WARN_UNREACHABLE_CODE = YES;
				CLANG_WARN__DUPLICATE_METHOD_MATCH = YES;
				COPY_PHASE_STRIP = NO;
				DEBUG_INFORMATION_FORMAT = "dwarf-with-dsym";
				ENABLE_NS_ASSERTIONS = NO;
				ENABLE_STRICT_OBJC_MSGSEND = YES;
				ENABLE_USER_SCRIPT_SANDBOXING = YES;
				GCC_C_LANGUAGE_STANDARD = gnu17;
				GCC_NO_COMMON_BLOCKS = YES;
				GCC_WARN_64_TO_32_BIT_CONVERSION = YES;
				GCC_WARN_ABOUT_RETURN_TYPE = YES_ERROR;
				GCC_WARN_UNDECLARED_SELECTOR = YES;
				GCC_WARN_UNINITIALIZED_AUTOS = YES_AGGRESSIVE;
				GCC_WARN_UNUSED_FUNCTION = YES;
				GCC_WARN_UNUSED_VARIABLE = YES;
				IPHONEOS_DEPLOYMENT_TARGET = 18.1;
				LOCALIZATION_PREFERS_STRING_CATALOGS = YES;
				MTL_ENABLE_DEBUG_INFO = NO;
				MTL_FAST_MATH = YES;
				SDKROOT = iphoneos;
				SWIFT_COMPILATION_MODE = wholemodule;
				VALIDATE_PRODUCT = YES;
			};
			name = Release;
		};
		E819CA9F2D76C0FC00991A31 /* Debug */ = {
			isa = XCBuildConfiguration;
			buildSettings = {
				ASSETCATALOG_COMPILER_APPICON_NAME = AppIcon;
				ASSETCATALOG_COMPILER_GLOBAL_ACCENT_COLOR_NAME = AccentColor;
				CODE_SIGN_STYLE = Automatic;
				CURRENT_PROJECT_VERSION = 1;
				DEVELOPMENT_ASSET_PATHS = "\"ttest/Preview Content\"";
				ENABLE_PREVIEWS = YES;
				GENERATE_INFOPLIST_FILE = YES;
				INFOPLIST_KEY_UIApplicationSceneManifest_Generation = YES;
				INFOPLIST_KEY_UIApplicationSupportsIndirectInputEvents = YES;
				INFOPLIST_KEY_UILaunchScreen_Generation = YES;
				INFOPLIST_KEY_UISupportedInterfaceOrientations_iPad = "UIInterfaceOrientationPortrait UIInterfaceOrientationPortraitUpsideDown UIInterfaceOrientationLandscapeLeft UIInterfaceOrientationLandscapeRight";
				INFOPLIST_KEY_UISupportedInterfaceOrientations_iPhone = "UIInterfaceOrientationPortrait UIInterfaceOrientationLandscapeLeft UIInterfaceOrientationLandscapeRight";
				LD_RUNPATH_SEARCH_PATHS = (
					"$(inherited)",
					"@executable_path/Frameworks",
				);
				MARKETING_VERSION = 1.0;
				PRODUCT_BUNDLE_IDENTIFIER = student.ttest;
				PRODUCT_NAME = "$(TARGET_NAME)";
				SWIFT_EMIT_LOC_STRINGS = YES;
				SWIFT_VERSION = 5.0;
				TARGETED_DEVICE_FAMILY = "1,2";
			};
			name = Debug;
		};
		E819CAA02D76C0FC00991A31 /* Release */ = {
			isa = XCBuildConfiguration;
			buildSettings = {
				ASSETCATALOG_COMPILER_APPICON_NAME = AppIcon;
				ASSETCATALOG_COMPILER_GLOBAL_ACCENT_COLOR_NAME = AccentColor;
				CODE_SIGN_STYLE = Automatic;
				CURRENT_PROJECT_VERSION = 1;
				DEVELOPMENT_ASSET_PATHS = "\"ttest/Preview Content\"";
				ENABLE_PREVIEWS = YES;
				GENERATE_INFOPLIST_FILE = YES;
				INFOPLIST_KEY_UIApplicationSceneManifest_Generation = YES;
				INFOPLIST_KEY_UIApplicationSupportsIndirectInputEvents = YES;
				INFOPLIST_KEY_UILaunchScreen_Generation = YES;
				INFOPLIST_KEY_UISupportedInterfaceOrientations_iPad = "UIInterfaceOrientationPortrait UIInterfaceOrientationPortraitUpsideDown UIInterfaceOrientationLandscapeLeft UIInterfaceOrientationLandscapeRight";
				INFOPLIST_KEY_UISupportedInterfaceOrientations_iPhone = "UIInterfaceOrientationPortrait UIInterfaceOrientationLandscapeLeft UIInterfaceOrientationLandscapeRight";
				LD_RUNPATH_SEARCH_PATHS = (
					"$(inherited)",
					"@executable_path/Frameworks",
				);
				MARKETING_VERSION = 1.0;
				PRODUCT_BUNDLE_IDENTIFIER = student.ttest;
				PRODUCT_NAME = "$(TARGET_NAME)";
				SWIFT_EMIT_LOC_STRINGS = YES;
				SWIFT_VERSION = 5.0;
				TARGETED_DEVICE_FAMILY = "1,2";
			};
			name = Release;
		};
		E819CAA22D76C0FC00991A31 /* Debug */ = {
			isa = XCBuildConfiguration;
			buildSettings = {
				BUNDLE_LOADER = "$(TEST_HOST)";
				CODE_SIGN_STYLE = Automatic;
				CURRENT_PROJECT_VERSION = 1;
				GENERATE_INFOPLIST_FILE = YES;
				IPHONEOS_DEPLOYMENT_TARGET = 18.1;
				MARKETING_VERSION = 1.0;
				PRODUCT_BUNDLE_IDENTIFIER = student.ttestTests;
				PRODUCT_NAME = "$(TARGET_NAME)";
				SWIFT_EMIT_LOC_STRINGS = NO;
				SWIFT_VERSION = 5.0;
				TARGETED_DEVICE_FAMILY = "1,2";
				TEST_HOST = "$(BUILT_PRODUCTS_DIR)/ttest.app/$(BUNDLE_EXECUTABLE_FOLDER_PATH)/ttest";
			};
			name = Debug;
		};
		E819CAA32D76C0FC00991A31 /* Release */ = {
			isa = XCBuildConfiguration;
			buildSettings = {
				BUNDLE_LOADER = "$(TEST_HOST)";
				CODE_SIGN_STYLE = Automatic;
				CURRENT_PROJECT_VERSION = 1;
				GENERATE_INFOPLIST_FILE = YES;
				IPHONEOS_DEPLOYMENT_TARGET = 18.1;
				MARKETING_VERSION = 1.0;
				PRODUCT_BUNDLE_IDENTIFIER = student.ttestTests;
				PRODUCT_NAME = "$(TARGET_NAME)";
				SWIFT_EMIT_LOC_STRINGS = NO;
				SWIFT_VERSION = 5.0;
				TARGETED_DEVICE_FAMILY = "1,2";
				TEST_HOST = "$(BUILT_PRODUCTS_DIR)/ttest.app/$(BUNDLE_EXECUTABLE_FOLDER_PATH)/ttest";
			};
			name = Release;
		};
		E819CAA52D76C0FC00991A31 /* Debug */ = {
			isa = XCBuildConfiguration;
			buildSettings = {
				CODE_SIGN_STYLE = Automatic;
				CURRENT_PROJECT_VERSION = 1;
				GENERATE_INFOPLIST_FILE = YES;
				MARKETING_VERSION = 1.0;
				PRODUCT_BUNDLE_IDENTIFIER = student.ttestUITests;
				PRODUCT_NAME = "$(TARGET_NAME)";
				SWIFT_EMIT_LOC_STRINGS = NO;
				SWIFT_VERSION = 5.0;
				TARGETED_DEVICE_FAMILY = "1,2";
				TEST_TARGET_NAME = ttest;
			};
			name = Debug;
		};
		E819CAA62D76C0FC00991A31 /* Release */ = {
			isa = XCBuildConfiguration;
			buildSettings = {
				CODE_SIGN_STYLE = Automatic;
				CURRENT_PROJECT_VERSION = 1;
				GENERATE_INFOPLIST_FILE = YES;
				MARKETING_VERSION = 1.0;
				PRODUCT_BUNDLE_IDENTIFIER = student.ttestUITests;
				PRODUCT_NAME = "$(TARGET_NAME)";
				SWIFT_EMIT_LOC_STRINGS = NO;
				SWIFT_VERSION = 5.0;
				TARGETED_DEVICE_FAMILY = "1,2";
				TEST_TARGET_NAME = ttest;
			};
			name = Release;
		};
/* End XCBuildConfiguration section */

/* Begin XCConfigurationList section */
		E819CA752D76C0FB00991A31 /* Build configuration list for PBXProject "ttest" */ = {
			isa = XCConfigurationList;
			buildConfigurations = (
				E819CA9C2D76C0FC00991A31 /* Debug */,
				E819CA9D2D76C0FC00991A31 /* Release */,
			);
			defaultConfigurationIsVisible = 0;
			defaultConfigurationName = Release;
		};
		E819CA9E2D76C0FC00991A31 /* Build configuration list for PBXNativeTarget "ttest" */ = {
			isa = XCConfigurationList;
			buildConfigurations = (
				E819CA9F2D76C0FC00991A31 /* Debug */,
				E819CAA02D76C0FC00991A31 /* Release */,
			);
			defaultConfigurationIsVisible = 0;
			defaultConfigurationName = Release;
		};
		E819CAA12D76C0FC00991A31 /* Build configuration list for PBXNativeTarget "ttestTests" */ = {
			isa = XCConfigurationList;
			buildConfigurations = (
				E819CAA22D76C0FC00991A31 /* Debug */,
				E819CAA32D76C0FC00991A31 /* Release */,
			);
			defaultConfigurationIsVisible = 0;
			defaultConfigurationName = Release;
		};
		E819CAA42D76C0FC00991A31 /* Build configuration list for PBXNativeTarget "ttestUITests" */ = {
			isa = XCConfigurationList;
			buildConfigurations = (
				E819CAA52D76C0FC00991A31 /* Debug */,
				E819CAA62D76C0FC00991A31 /* Release */,
			);
			defaultConfigurationIsVisible = 0;
			defaultConfigurationName = Release;
		};
/* End XCConfigurationList section */

/* Begin XCRemoteSwiftPackageReference section */
		E819CAA72D76C21C00991A31 /* XCRemoteSwiftPackageReference "Alamofire" */ = {
			isa = XCRemoteSwiftPackageReference;
			repositoryURL = "https://github.com/Alamofire/Alamofire.git";
			requirement = {
				kind = upToNextMajorVersion;
				minimumVersion = 5.10.2;
			};
		};
/* End XCRemoteSwiftPackageReference section */

/* Begin XCSwiftPackageProductDependency section */
		E819CAA92D76C22F00991A31 /* Alamofire */ = {
			isa = XCSwiftPackageProductDependency;
			package = E819CAA72D76C21C00991A31 /* XCRemoteSwiftPackageReference "Alamofire" */;
			productName = Alamofire;
		};
/* End XCSwiftPackageProductDependency section */
	};
	rootObject = E819CA722D76C0FB00991A31 /* Project object */;
}
