// !$*UTF8*$!
{
	archiveVersion = 1;
	classes = {
	};
	objectVersion = 77;
	objects = {

/* Begin PBXBuildFile section */
		9B2C03B72D8BFD4F001CF344 /* FirebaseAuth in Frameworks */ = {isa = PBXBuildFile; productRef = 9B2C03B62D8BFD4F001CF344 /* FirebaseAuth */; };
		9B2C03B92D8BFD4F001CF344 /* FirebaseAuthCombine-Community in Frameworks */ = {isa = PBXBuildFile; productRef = 9B2C03B82D8BFD4F001CF344 /* FirebaseAuthCombine-Community */; };
		9B2C03BB2D8BFD4F001CF344 /* FirebaseDatabase in Frameworks */ = {isa = PBXBuildFile; productRef = 9B2C03BA2D8BFD4F001CF344 /* FirebaseDatabase */; };
		9B2C03BD2D8C05CE001CF344 /* FirebaseFirestore in Frameworks */ = {isa = PBXBuildFile; productRef = 9B2C03BC2D8C05CE001CF344 /* FirebaseFirestore */; };
		E82F5D002D8B76C80016DF22 /* Alamofire in Frameworks */ = {isa = PBXBuildFile; productRef = E82F5CFF2D8B76C80016DF22 /* Alamofire */; };
/* End PBXBuildFile section */

/* Begin PBXContainerItemProxy section */
		9BC153512D78771A00FCA465 /* PBXContainerItemProxy */ = {
			isa = PBXContainerItemProxy;
			containerPortal = 9BC153382D78771600FCA465 /* Project object */;
			proxyType = 1;
			remoteGlobalIDString = 9BC1533F2D78771600FCA465;
			remoteInfo = studyAssistant;
		};
		9BC1535B2D78771A00FCA465 /* PBXContainerItemProxy */ = {
			isa = PBXContainerItemProxy;
			containerPortal = 9BC153382D78771600FCA465 /* Project object */;
			proxyType = 1;
			remoteGlobalIDString = 9BC1533F2D78771600FCA465;
			remoteInfo = studyAssistant;
		};
/* End PBXContainerItemProxy section */

/* Begin PBXFileReference section */
		9BC153402D78771600FCA465 /* studyAssistant.app */ = {isa = PBXFileReference; explicitFileType = wrapper.application; includeInIndex = 0; path = studyAssistant.app; sourceTree = BUILT_PRODUCTS_DIR; };
		9BC153502D78771A00FCA465 /* studyAssistantTests.xctest */ = {isa = PBXFileReference; explicitFileType = wrapper.cfbundle; includeInIndex = 0; path = studyAssistantTests.xctest; sourceTree = BUILT_PRODUCTS_DIR; };
		9BC1535A2D78771A00FCA465 /* studyAssistantUITests.xctest */ = {isa = PBXFileReference; explicitFileType = wrapper.cfbundle; includeInIndex = 0; path = studyAssistantUITests.xctest; sourceTree = BUILT_PRODUCTS_DIR; };
/* End PBXFileReference section */

/* Begin PBXFileSystemSynchronizedRootGroup section */
		9BC153422D78771600FCA465 /* studyAssistant */ = {
			isa = PBXFileSystemSynchronizedRootGroup;
			path = studyAssistant;
			sourceTree = "<group>";
		};
		9BC153532D78771A00FCA465 /* studyAssistantTests */ = {
			isa = PBXFileSystemSynchronizedRootGroup;
			path = studyAssistantTests;
			sourceTree = "<group>";
		};
		9BC1535D2D78771A00FCA465 /* studyAssistantUITests */ = {
			isa = PBXFileSystemSynchronizedRootGroup;
			path = studyAssistantUITests;
			sourceTree = "<group>";
		};
/* End PBXFileSystemSynchronizedRootGroup section */

/* Begin PBXFrameworksBuildPhase section */
		9BC1533D2D78771600FCA465 /* Frameworks */ = {
			isa = PBXFrameworksBuildPhase;
			buildActionMask = 2147483647;
			files = (
				E82F5D002D8B76C80016DF22 /* Alamofire in Frameworks */,
				9B2C03B92D8BFD4F001CF344 /* FirebaseAuthCombine-Community in Frameworks */,
				9B2C03BB2D8BFD4F001CF344 /* FirebaseDatabase in Frameworks */,
				9B2C03BD2D8C05CE001CF344 /* FirebaseFirestore in Frameworks */,
				9B2C03B72D8BFD4F001CF344 /* FirebaseAuth in Frameworks */,
			);
			runOnlyForDeploymentPostprocessing = 0;
		};
		9BC1534D2D78771A00FCA465 /* Frameworks */ = {
			isa = PBXFrameworksBuildPhase;
			buildActionMask = 2147483647;
			files = (
			);
			runOnlyForDeploymentPostprocessing = 0;
		};
		9BC153572D78771A00FCA465 /* Frameworks */ = {
			isa = PBXFrameworksBuildPhase;
			buildActionMask = 2147483647;
			files = (
			);
			runOnlyForDeploymentPostprocessing = 0;
		};
/* End PBXFrameworksBuildPhase section */

/* Begin PBXGroup section */
		9BC153372D78771600FCA465 = {
			isa = PBXGroup;
			children = (
				9BC153422D78771600FCA465 /* studyAssistant */,
				9BC153532D78771A00FCA465 /* studyAssistantTests */,
				9BC1535D2D78771A00FCA465 /* studyAssistantUITests */,
				E82F5CFE2D8B76C80016DF22 /* Frameworks */,
				9BC153412D78771600FCA465 /* Products */,
			);
			sourceTree = "<group>";
		};
		9BC153412D78771600FCA465 /* Products */ = {
			isa = PBXGroup;
			children = (
				9BC153402D78771600FCA465 /* studyAssistant.app */,
				9BC153502D78771A00FCA465 /* studyAssistantTests.xctest */,
				9BC1535A2D78771A00FCA465 /* studyAssistantUITests.xctest */,
			);
			name = Products;
			sourceTree = "<group>";
		};
		E82F5CFE2D8B76C80016DF22 /* Frameworks */ = {
			isa = PBXGroup;
			children = (
			);
			name = Frameworks;
			sourceTree = "<group>";
		};
/* End PBXGroup section */

/* Begin PBXNativeTarget section */
		9BC1533F2D78771600FCA465 /* studyAssistant */ = {
			isa = PBXNativeTarget;
			buildConfigurationList = 9BC153642D78771A00FCA465 /* Build configuration list for PBXNativeTarget "studyAssistant" */;
			buildPhases = (
				9BC1533C2D78771600FCA465 /* Sources */,
				9BC1533D2D78771600FCA465 /* Frameworks */,
				9BC1533E2D78771600FCA465 /* Resources */,
			);
			buildRules = (
			);
			dependencies = (
			);
			fileSystemSynchronizedGroups = (
				9BC153422D78771600FCA465 /* studyAssistant */,
			);
			name = studyAssistant;
			packageProductDependencies = (
				E82F5CFF2D8B76C80016DF22 /* Alamofire */,
				9B2C03B62D8BFD4F001CF344 /* FirebaseAuth */,
				9B2C03B82D8BFD4F001CF344 /* FirebaseAuthCombine-Community */,
				9B2C03BA2D8BFD4F001CF344 /* FirebaseDatabase */,
				9B2C03BC2D8C05CE001CF344 /* FirebaseFirestore */,
			);
			productName = studyAssistant;
			productReference = 9BC153402D78771600FCA465 /* studyAssistant.app */;
			productType = "com.apple.product-type.application";
		};
		9BC1534F2D78771A00FCA465 /* studyAssistantTests */ = {
			isa = PBXNativeTarget;
			buildConfigurationList = 9BC153672D78771A00FCA465 /* Build configuration list for PBXNativeTarget "studyAssistantTests" */;
			buildPhases = (
				9BC1534C2D78771A00FCA465 /* Sources */,
				9BC1534D2D78771A00FCA465 /* Frameworks */,
				9BC1534E2D78771A00FCA465 /* Resources */,
			);
			buildRules = (
			);
			dependencies = (
				9BC153522D78771A00FCA465 /* PBXTargetDependency */,
			);
			fileSystemSynchronizedGroups = (
				9BC153532D78771A00FCA465 /* studyAssistantTests */,
			);
			name = studyAssistantTests;
			packageProductDependencies = (
			);
			productName = studyAssistantTests;
			productReference = 9BC153502D78771A00FCA465 /* studyAssistantTests.xctest */;
			productType = "com.apple.product-type.bundle.unit-test";
		};
		9BC153592D78771A00FCA465 /* studyAssistantUITests */ = {
			isa = PBXNativeTarget;
			buildConfigurationList = 9BC1536A2D78771A00FCA465 /* Build configuration list for PBXNativeTarget "studyAssistantUITests" */;
			buildPhases = (
				9BC153562D78771A00FCA465 /* Sources */,
				9BC153572D78771A00FCA465 /* Frameworks */,
				9BC153582D78771A00FCA465 /* Resources */,
			);
			buildRules = (
			);
			dependencies = (
				9BC1535C2D78771A00FCA465 /* PBXTargetDependency */,
			);
			fileSystemSynchronizedGroups = (
				9BC1535D2D78771A00FCA465 /* studyAssistantUITests */,
			);
			name = studyAssistantUITests;
			packageProductDependencies = (
			);
			productName = studyAssistantUITests;
			productReference = 9BC1535A2D78771A00FCA465 /* studyAssistantUITests.xctest */;
			productType = "com.apple.product-type.bundle.ui-testing";
		};
/* End PBXNativeTarget section */

/* Begin PBXProject section */
		9BC153382D78771600FCA465 /* Project object */ = {
			isa = PBXProject;
			attributes = {
				BuildIndependentTargetsInParallel = 1;
				LastSwiftUpdateCheck = 1620;
				LastUpgradeCheck = 1620;
				TargetAttributes = {
					9BC1533F2D78771600FCA465 = {
						CreatedOnToolsVersion = 16.2;
					};
					9BC1534F2D78771A00FCA465 = {
						CreatedOnToolsVersion = 16.2;
						TestTargetID = 9BC1533F2D78771600FCA465;
					};
					9BC153592D78771A00FCA465 = {
						CreatedOnToolsVersion = 16.2;
						TestTargetID = 9BC1533F2D78771600FCA465;
					};
				};
			};
			buildConfigurationList = 9BC1533B2D78771600FCA465 /* Build configuration list for PBXProject "studyAssistant" */;
			developmentRegion = en;
			hasScannedForEncodings = 0;
			knownRegions = (
				en,
				Base,
			);
			mainGroup = 9BC153372D78771600FCA465;
			minimizedProjectReferenceProxies = 1;
			packageReferences = (
				E82F5CFD2D8B76BB0016DF22 /* XCRemoteSwiftPackageReference "Alamofire" */,
				9B2C03B52D8BFD4F001CF344 /* XCRemoteSwiftPackageReference "firebase-ios-sdk" */,
			);
			preferredProjectObjectVersion = 77;
			productRefGroup = 9BC153412D78771600FCA465 /* Products */;
			projectDirPath = "";
			projectRoot = "";
			targets = (
				9BC1533F2D78771600FCA465 /* studyAssistant */,
				9BC1534F2D78771A00FCA465 /* studyAssistantTests */,
				9BC153592D78771A00FCA465 /* studyAssistantUITests */,
			);
		};
/* End PBXProject section */

/* Begin PBXResourcesBuildPhase section */
		9BC1533E2D78771600FCA465 /* Resources */ = {
			isa = PBXResourcesBuildPhase;
			buildActionMask = 2147483647;
			files = (
			);
			runOnlyForDeploymentPostprocessing = 0;
		};
		9BC1534E2D78771A00FCA465 /* Resources */ = {
			isa = PBXResourcesBuildPhase;
			buildActionMask = 2147483647;
			files = (
			);
			runOnlyForDeploymentPostprocessing = 0;
		};
		9BC153582D78771A00FCA465 /* Resources */ = {
			isa = PBXResourcesBuildPhase;
			buildActionMask = 2147483647;
			files = (
			);
			runOnlyForDeploymentPostprocessing = 0;
		};
/* End PBXResourcesBuildPhase section */

/* Begin PBXSourcesBuildPhase section */
		9BC1533C2D78771600FCA465 /* Sources */ = {
			isa = PBXSourcesBuildPhase;
			buildActionMask = 2147483647;
			files = (
			);
			runOnlyForDeploymentPostprocessing = 0;
		};
		9BC1534C2D78771A00FCA465 /* Sources */ = {
			isa = PBXSourcesBuildPhase;
			buildActionMask = 2147483647;
			files = (
			);
			runOnlyForDeploymentPostprocessing = 0;
		};
		9BC153562D78771A00FCA465 /* Sources */ = {
			isa = PBXSourcesBuildPhase;
			buildActionMask = 2147483647;
			files = (
			);
			runOnlyForDeploymentPostprocessing = 0;
		};
/* End PBXSourcesBuildPhase section */

/* Begin PBXTargetDependency section */
		9BC153522D78771A00FCA465 /* PBXTargetDependency */ = {
			isa = PBXTargetDependency;
			target = 9BC1533F2D78771600FCA465 /* studyAssistant */;
			targetProxy = 9BC153512D78771A00FCA465 /* PBXContainerItemProxy */;
		};
		9BC1535C2D78771A00FCA465 /* PBXTargetDependency */ = {
			isa = PBXTargetDependency;
			target = 9BC1533F2D78771600FCA465 /* studyAssistant */;
			targetProxy = 9BC1535B2D78771A00FCA465 /* PBXContainerItemProxy */;
		};
/* End PBXTargetDependency section */

/* Begin XCBuildConfiguration section */
		9BC153622D78771A00FCA465 /* Debug */ = {
			isa = XCBuildConfiguration;
			buildSettings = {
				ALWAYS_SEARCH_USER_PATHS = NO;
				ASSETCATALOG_COMPILER_GENERATE_SWIFT_ASSET_SYMBOL_EXTENSIONS = YES;
				CLANG_ANALYZER_NONNULL = YES;
				CLANG_ANALYZER_NUMBER_OBJECT_CONVERSION = YES_AGGRESSIVE;
				CLANG_CXX_LANGUAGE_STANDARD = "gnu++20";
				CLANG_ENABLE_MODULES = YES;
				CLANG_ENABLE_OBJC_ARC = YES;
				CLANG_ENABLE_OBJC_WEAK = YES;
				CLANG_WARN_BLOCK_CAPTURE_AUTORELEASING = YES;
				CLANG_WARN_BOOL_CONVERSION = YES;
				CLANG_WARN_COMMA = YES;
				CLANG_WARN_CONSTANT_CONVERSION = YES;
				CLANG_WARN_DEPRECATED_OBJC_IMPLEMENTATIONS = YES;
				CLANG_WARN_DIRECT_OBJC_ISA_USAGE = YES_ERROR;
				CLANG_WARN_DOCUMENTATION_COMMENTS = YES;
				CLANG_WARN_EMPTY_BODY = YES;
				CLANG_WARN_ENUM_CONVERSION = YES;
				CLANG_WARN_INFINITE_RECURSION = YES;
				CLANG_WARN_INT_CONVERSION = YES;
				CLANG_WARN_NON_LITERAL_NULL_CONVERSION = YES;
				CLANG_WARN_OBJC_IMPLICIT_RETAIN_SELF = YES;
				CLANG_WARN_OBJC_LITERAL_CONVERSION = YES;
				CLANG_WARN_OBJC_ROOT_CLASS = YES_ERROR;
				CLANG_WARN_QUOTED_INCLUDE_IN_FRAMEWORK_HEADER = YES;
				CLANG_WARN_RANGE_LOOP_ANALYSIS = YES;
				CLANG_WARN_STRICT_PROTOTYPES = YES;
				CLANG_WARN_SUSPICIOUS_MOVE = YES;
				CLANG_WARN_UNGUARDED_AVAILABILITY = YES_AGGRESSIVE;
				CLANG_WARN_UNREACHABLE_CODE = YES;
				CLANG_WARN__DUPLICATE_METHOD_MATCH = YES;
				COPY_PHASE_STRIP = NO;
				DEBUG_INFORMATION_FORMAT = dwarf;
				ENABLE_STRICT_OBJC_MSGSEND = YES;
				ENABLE_TESTABILITY = YES;
				ENABLE_USER_SCRIPT_SANDBOXING = YES;
				GCC_C_LANGUAGE_STANDARD = gnu17;
				GCC_DYNAMIC_NO_PIC = NO;
				GCC_NO_COMMON_BLOCKS = YES;
				GCC_OPTIMIZATION_LEVEL = 0;
				GCC_PREPROCESSOR_DEFINITIONS = (
					"DEBUG=1",
					"$(inherited)",
				);
				GCC_WARN_64_TO_32_BIT_CONVERSION = YES;
				GCC_WARN_ABOUT_RETURN_TYPE = YES_ERROR;
				GCC_WARN_UNDECLARED_SELECTOR = YES;
				GCC_WARN_UNINITIALIZED_AUTOS = YES_AGGRESSIVE;
				GCC_WARN_UNUSED_FUNCTION = YES;
				GCC_WARN_UNUSED_VARIABLE = YES;
				IPHONEOS_DEPLOYMENT_TARGET = 18.2;
				LOCALIZATION_PREFERS_STRING_CATALOGS = YES;
				MTL_ENABLE_DEBUG_INFO = INCLUDE_SOURCE;
				MTL_FAST_MATH = YES;
				ONLY_ACTIVE_ARCH = YES;
				SDKROOT = iphoneos;
				SWIFT_ACTIVE_COMPILATION_CONDITIONS = "DEBUG $(inherited)";
				SWIFT_OPTIMIZATION_LEVEL = "-Onone";
			};
			name = Debug;
		};
		9BC153632D78771A00FCA465 /* Release */ = {
			isa = XCBuildConfiguration;
			buildSettings = {
				ALWAYS_SEARCH_USER_PATHS = NO;
				ASSETCATALOG_COMPILER_GENERATE_SWIFT_ASSET_SYMBOL_EXTENSIONS = YES;
				CLANG_ANALYZER_NONNULL = YES;
				CLANG_ANALYZER_NUMBER_OBJECT_CONVERSION = YES_AGGRESSIVE;
				CLANG_CXX_LANGUAGE_STANDARD = "gnu++20";
				CLANG_ENABLE_MODULES = YES;
				CLANG_ENABLE_OBJC_ARC = YES;
				CLANG_ENABLE_OBJC_WEAK = YES;
				CLANG_WARN_BLOCK_CAPTURE_AUTORELEASING = YES;
				CLANG_WARN_BOOL_CONVERSION = YES;
				CLANG_WARN_COMMA = YES;
				CLANG_WARN_CONSTANT_CONVERSION = YES;
				CLANG_WARN_DEPRECATED_OBJC_IMPLEMENTATIONS = YES;
				CLANG_WARN_DIRECT_OBJC_ISA_USAGE = YES_ERROR;
				CLANG_WARN_DOCUMENTATION_COMMENTS = YES;
				CLANG_WARN_EMPTY_BODY = YES;
				CLANG_WARN_ENUM_CONVERSION = YES;
				CLANG_WARN_INFINITE_RECURSION = YES;
				CLANG_WARN_INT_CONVERSION = YES;
				CLANG_WARN_NON_LITERAL_NULL_CONVERSION = YES;
				CLANG_WARN_OBJC_IMPLICIT_RETAIN_SELF = YES;
				CLANG_WARN_OBJC_LITERAL_CONVERSION = YES;
				CLANG_WARN_OBJC_ROOT_CLASS = YES_ERROR;
				CLANG_WARN_QUOTED_INCLUDE_IN_FRAMEWORK_HEADER = YES;
				CLANG_WARN_RANGE_LOOP_ANALYSIS = YES;
				CLANG_WARN_STRICT_PROTOTYPES = YES;
				CLANG_WARN_SUSPICIOUS_MOVE = YES;
				CLANG_WARN_UNGUARDED_AVAILABILITY = YES_AGGRESSIVE;
				CLANG_WARN_UNREACHABLE_CODE = YES;
				CLANG_WARN__DUPLICATE_METHOD_MATCH = YES;
				COPY_PHASE_STRIP = NO;
				DEBUG_INFORMATION_FORMAT = "dwarf-with-dsym";
				ENABLE_NS_ASSERTIONS = NO;
				ENABLE_STRICT_OBJC_MSGSEND = YES;
				ENABLE_USER_SCRIPT_SANDBOXING = YES;
				GCC_C_LANGUAGE_STANDARD = gnu17;
				GCC_NO_COMMON_BLOCKS = YES;
				GCC_WARN_64_TO_32_BIT_CONVERSION = YES;
				GCC_WARN_ABOUT_RETURN_TYPE = YES_ERROR;
				GCC_WARN_UNDECLARED_SELECTOR = YES;
				GCC_WARN_UNINITIALIZED_AUTOS = YES_AGGRESSIVE;
				GCC_WARN_UNUSED_FUNCTION = YES;
				GCC_WARN_UNUSED_VARIABLE = YES;
				IPHONEOS_DEPLOYMENT_TARGET = 18.2;
				LOCALIZATION_PREFERS_STRING_CATALOGS = YES;
				MTL_ENABLE_DEBUG_INFO = NO;
				MTL_FAST_MATH = YES;
				SDKROOT = iphoneos;
				SWIFT_COMPILATION_MODE = wholemodule;
				VALIDATE_PRODUCT = YES;
			};
			name = Release;
		};
		9BC153652D78771A00FCA465 /* Debug */ = {
			isa = XCBuildConfiguration;
			buildSettings = {
				ASSETCATALOG_COMPILER_APPICON_NAME = AppIcon;
				ASSETCATALOG_COMPILER_GLOBAL_ACCENT_COLOR_NAME = AccentColor;
				CODE_SIGN_IDENTITY = "Apple Development";
				CODE_SIGN_STYLE = Automatic;
				CURRENT_PROJECT_VERSION = 1;
				DEVELOPMENT_ASSET_PATHS = "\"studyAssistant/Preview Content\"";
				DEVELOPMENT_TEAM = BG572Z68DC;
				ENABLE_PREVIEWS = YES;
				GENERATE_INFOPLIST_FILE = YES;
				INFOPLIST_KEY_UIApplicationSceneManifest_Generation = YES;
				INFOPLIST_KEY_UIApplicationSupportsIndirectInputEvents = YES;
				INFOPLIST_KEY_UILaunchScreen_Generation = YES;
				INFOPLIST_KEY_UIStatusBarStyle = "";
				INFOPLIST_KEY_UISupportedInterfaceOrientations_iPad = "UIInterfaceOrientationPortrait UIInterfaceOrientationPortraitUpsideDown UIInterfaceOrientationLandscapeLeft UIInterfaceOrientationLandscapeRight";
				INFOPLIST_KEY_UISupportedInterfaceOrientations_iPhone = "UIInterfaceOrientationPortrait UIInterfaceOrientationLandscapeLeft UIInterfaceOrientationLandscapeRight";
				IPHONEOS_DEPLOYMENT_TARGET = 16.0;
				LD_RUNPATH_SEARCH_PATHS = (
					"$(inherited)",
					"@executable_path/Frameworks",
				);
				MARKETING_VERSION = 1.0;
				PRODUCT_BUNDLE_IDENTIFIER = eason.studyAssistant;
				PRODUCT_NAME = "$(TARGET_NAME)";
				PROVISIONING_PROFILE_SPECIFIER = "";
				SWIFT_EMIT_LOC_STRINGS = YES;
				SWIFT_VERSION = 5.0;
				TARGETED_DEVICE_FAMILY = "1,2";
			};
			name = Debug;
		};
		9BC153662D78771A00FCA465 /* Release */ = {
			isa = XCBuildConfiguration;
			buildSettings = {
				ASSETCATALOG_COMPILER_APPICON_NAME = AppIcon;
				ASSETCATALOG_COMPILER_GLOBAL_ACCENT_COLOR_NAME = AccentColor;
				CODE_SIGN_IDENTITY = "Apple Development";
				CODE_SIGN_STYLE = Automatic;
				CURRENT_PROJECT_VERSION = 1;
				DEVELOPMENT_ASSET_PATHS = "\"studyAssistant/Preview Content\"";
				DEVELOPMENT_TEAM = BG572Z68DC;
				ENABLE_PREVIEWS = YES;
				GENERATE_INFOPLIST_FILE = YES;
				INFOPLIST_KEY_UIApplicationSceneManifest_Generation = YES;
				INFOPLIST_KEY_UIApplicationSupportsIndirectInputEvents = YES;
				INFOPLIST_KEY_UILaunchScreen_Generation = YES;
				INFOPLIST_KEY_UIStatusBarStyle = "";
				INFOPLIST_KEY_UISupportedInterfaceOrientations_iPad = "UIInterfaceOrientationPortrait UIInterfaceOrientationPortraitUpsideDown UIInterfaceOrientationLandscapeLeft UIInterfaceOrientationLandscapeRight";
				INFOPLIST_KEY_UISupportedInterfaceOrientations_iPhone = "UIInterfaceOrientationPortrait UIInterfaceOrientationLandscapeLeft UIInterfaceOrientationLandscapeRight";
				IPHONEOS_DEPLOYMENT_TARGET = 16.0;
				LD_RUNPATH_SEARCH_PATHS = (
					"$(inherited)",
					"@executable_path/Frameworks",
				);
				MARKETING_VERSION = 1.0;
				PRODUCT_BUNDLE_IDENTIFIER = eason.studyAssistant;
				PRODUCT_NAME = "$(TARGET_NAME)";
				PROVISIONING_PROFILE_SPECIFIER = "";
				SWIFT_EMIT_LOC_STRINGS = YES;
				SWIFT_VERSION = 5.0;
				TARGETED_DEVICE_FAMILY = "1,2";
			};
			name = Release;
		};
		9BC153682D78771A00FCA465 /* Debug */ = {
			isa = XCBuildConfiguration;
			buildSettings = {
				BUNDLE_LOADER = "$(TEST_HOST)";
				CODE_SIGN_STYLE = Automatic;
				CURRENT_PROJECT_VERSION = 1;
				DEVELOPMENT_TEAM = BG572Z68DC;
				GENERATE_INFOPLIST_FILE = YES;
				IPHONEOS_DEPLOYMENT_TARGET = 18.2;
				MARKETING_VERSION = 1.0;
				PRODUCT_BUNDLE_IDENTIFIER = eason.studyAssistantTests;
				PRODUCT_NAME = "$(TARGET_NAME)";
				SWIFT_EMIT_LOC_STRINGS = NO;
				SWIFT_VERSION = 5.0;
				TARGETED_DEVICE_FAMILY = "1,2";
				TEST_HOST = "$(BUILT_PRODUCTS_DIR)/studyAssistant.app/$(BUNDLE_EXECUTABLE_FOLDER_PATH)/studyAssistant";
			};
			name = Debug;
		};
		9BC153692D78771A00FCA465 /* Release */ = {
			isa = XCBuildConfiguration;
			buildSettings = {
				BUNDLE_LOADER = "$(TEST_HOST)";
				CODE_SIGN_STYLE = Automatic;
				CURRENT_PROJECT_VERSION = 1;
				DEVELOPMENT_TEAM = BG572Z68DC;
				GENERATE_INFOPLIST_FILE = YES;
				IPHONEOS_DEPLOYMENT_TARGET = 18.2;
				MARKETING_VERSION = 1.0;
				PRODUCT_BUNDLE_IDENTIFIER = eason.studyAssistantTests;
				PRODUCT_NAME = "$(TARGET_NAME)";
				SWIFT_EMIT_LOC_STRINGS = NO;
				SWIFT_VERSION = 5.0;
				TARGETED_DEVICE_FAMILY = "1,2";
				TEST_HOST = "$(BUILT_PRODUCTS_DIR)/studyAssistant.app/$(BUNDLE_EXECUTABLE_FOLDER_PATH)/studyAssistant";
			};
			name = Release;
		};
		9BC1536B2D78771A00FCA465 /* Debug */ = {
			isa = XCBuildConfiguration;
			buildSettings = {
				CODE_SIGN_STYLE = Automatic;
				CURRENT_PROJECT_VERSION = 1;
				DEVELOPMENT_TEAM = BG572Z68DC;
				GENERATE_INFOPLIST_FILE = YES;
				MARKETING_VERSION = 1.0;
				PRODUCT_BUNDLE_IDENTIFIER = eason.studyAssistantUITests;
				PRODUCT_NAME = "$(TARGET_NAME)";
				SWIFT_EMIT_LOC_STRINGS = NO;
				SWIFT_VERSION = 5.0;
				TARGETED_DEVICE_FAMILY = "1,2";
				TEST_TARGET_NAME = studyAssistant;
			};
			name = Debug;
		};
		9BC1536C2D78771A00FCA465 /* Release */ = {
			isa = XCBuildConfiguration;
			buildSettings = {
				CODE_SIGN_STYLE = Automatic;
				CURRENT_PROJECT_VERSION = 1;
				DEVELOPMENT_TEAM = BG572Z68DC;
				GENERATE_INFOPLIST_FILE = YES;
				MARKETING_VERSION = 1.0;
				PRODUCT_BUNDLE_IDENTIFIER = eason.studyAssistantUITests;
				PRODUCT_NAME = "$(TARGET_NAME)";
				SWIFT_EMIT_LOC_STRINGS = NO;
				SWIFT_VERSION = 5.0;
				TARGETED_DEVICE_FAMILY = "1,2";
				TEST_TARGET_NAME = studyAssistant;
			};
			name = Release;
		};
/* End XCBuildConfiguration section */

/* Begin XCConfigurationList section */
		9BC1533B2D78771600FCA465 /* Build configuration list for PBXProject "studyAssistant" */ = {
			isa = XCConfigurationList;
			buildConfigurations = (
				9BC153622D78771A00FCA465 /* Debug */,
				9BC153632D78771A00FCA465 /* Release */,
			);
			defaultConfigurationIsVisible = 0;
			defaultConfigurationName = Release;
		};
		9BC153642D78771A00FCA465 /* Build configuration list for PBXNativeTarget "studyAssistant" */ = {
			isa = XCConfigurationList;
			buildConfigurations = (
				9BC153652D78771A00FCA465 /* Debug */,
				9BC153662D78771A00FCA465 /* Release */,
			);
			defaultConfigurationIsVisible = 0;
			defaultConfigurationName = Release;
		};
		9BC153672D78771A00FCA465 /* Build configuration list for PBXNativeTarget "studyAssistantTests" */ = {
			isa = XCConfigurationList;
			buildConfigurations = (
				9BC153682D78771A00FCA465 /* Debug */,
				9BC153692D78771A00FCA465 /* Release */,
			);
			defaultConfigurationIsVisible = 0;
			defaultConfigurationName = Release;
		};
		9BC1536A2D78771A00FCA465 /* Build configuration list for PBXNativeTarget "studyAssistantUITests" */ = {
			isa = XCConfigurationList;
			buildConfigurations = (
				9BC1536B2D78771A00FCA465 /* Debug */,
				9BC1536C2D78771A00FCA465 /* Release */,
			);
			defaultConfigurationIsVisible = 0;
			defaultConfigurationName = Release;
		};
/* End XCConfigurationList section */

/* Begin XCRemoteSwiftPackageReference section */
		9B2C03B52D8BFD4F001CF344 /* XCRemoteSwiftPackageReference "firebase-ios-sdk" */ = {
			isa = XCRemoteSwiftPackageReference;
			repositoryURL = "https://github.com/firebase/firebase-ios-sdk";
			requirement = {
				kind = upToNextMajorVersion;
				minimumVersion = 11.10.0;
			};
		};
		E82F5CFD2D8B76BB0016DF22 /* XCRemoteSwiftPackageReference "Alamofire" */ = {
			isa = XCRemoteSwiftPackageReference;
			repositoryURL = "https://github.com/Alamofire/Alamofire.git";
			requirement = {
				kind = upToNextMajorVersion;
				minimumVersion = 5.10.2;
			};
		};
/* End XCRemoteSwiftPackageReference section */

/* Begin XCSwiftPackageProductDependency section */
		9B2C03B62D8BFD4F001CF344 /* FirebaseAuth */ = {
			isa = XCSwiftPackageProductDependency;
			package = 9B2C03B52D8BFD4F001CF344 /* XCRemoteSwiftPackageReference "firebase-ios-sdk" */;
			productName = FirebaseAuth;
		};
		9B2C03B82D8BFD4F001CF344 /* FirebaseAuthCombine-Community */ = {
			isa = XCSwiftPackageProductDependency;
			package = 9B2C03B52D8BFD4F001CF344 /* XCRemoteSwiftPackageReference "firebase-ios-sdk" */;
			productName = "FirebaseAuthCombine-Community";
		};
		9B2C03BA2D8BFD4F001CF344 /* FirebaseDatabase */ = {
			isa = XCSwiftPackageProductDependency;
			package = 9B2C03B52D8BFD4F001CF344 /* XCRemoteSwiftPackageReference "firebase-ios-sdk" */;
			productName = FirebaseDatabase;
		};
		9B2C03BC2D8C05CE001CF344 /* FirebaseFirestore */ = {
			isa = XCSwiftPackageProductDependency;
			package = 9B2C03B52D8BFD4F001CF344 /* XCRemoteSwiftPackageReference "firebase-ios-sdk" */;
			productName = FirebaseFirestore;
		};
		E82F5CFF2D8B76C80016DF22 /* Alamofire */ = {
			isa = XCSwiftPackageProductDependency;
			package = E82F5CFD2D8B76BB0016DF22 /* XCRemoteSwiftPackageReference "Alamofire" */;
			productName = Alamofire;
		};
/* End XCSwiftPackageProductDependency section */
	};
	rootObject = 9BC153382D78771600FCA465 /* Project object */;
}
